
Microsoft Visual Studio Solution File, Format Version 12.00
# Visual Studio 15
VisualStudioVersion = 15.0.27428.2037
MinimumVisualStudioVersion = 10.0.40219.1
Project("{FAE04EC0-301F-11D3-BF4B-00C04F79EFBC}") = "MvcMovie", "MvcMovie\MvcMovie.csproj", "{E39CE4FF-A770-431A-BF88-B36BDC3A2004}"
EndProject
Global
	GlobalSection(SolutionConfigurationPlatforms) = preSolution
		Debug|Any CPU = Debug|Any CPU
		Release|Any CPU = Release|Any CPU
	EndGlobalSection
	GlobalSection(ProjectConfigurationPlatforms) = postSolution
		{E39CE4FF-A770-431A-BF88-B36BDC3A2004}.Debug|Any CPU.ActiveCfg = Debug|Any CPU
		{E39CE4FF-A770-431A-BF88-B36BDC3A2004}.Debug|Any CPU.Build.0 = Debug|Any CPU
		{E39CE4FF-A770-431A-BF88-B36BDC3A2004}.Release|Any CPU.ActiveCfg = Release|Any CPU
		{E39CE4FF-A770-431A-BF88-B36BDC3A2004}.Release|Any CPU.Build.0 = Release|Any CPU
	EndGlobalSection
	GlobalSection(SolutionProperties) = preSolution
		HideSolutionNode = FALSE
	EndGlobalSection
	GlobalSection(ExtensibilityGlobals) = postSolution
		SolutionGuid = {D983C9D8-CF8D-4C2A-9FBD-8CCC86795F5D}
	EndGlobalSection
EndGlobal
